
Microsoft Visual Studio Solution File, Format Version 12.00
# Visual Studio 15
VisualStudioVersion = 15.0.27130.2027
MinimumVisualStudioVersion = 10.0.40219.1
Project("{FAE04EC0-301F-11D3-BF4B-00C04F79EFBC}") = "AbpFramework", "src\AbpFramework\AbpFramework.csproj", "{180FF5C5-D66A-4F62-8A16-BE64301844F4}"
EndProject
Project("{2150E333-8FDC-42A3-9474-1A3956D46DE8}") = "src", "src", "{CB76BBD9-C5AB-4226-99F5-DEB6ED918393}"
EndProject
Project("{FAE04EC0-301F-11D3-BF4B-00C04F79EFBC}") = "Abp.Web", "src\Abp.Web\Abp.Web.csproj", "{D37785FB-2C24-4447-8271-0A3B3754D48E}"
EndProject
Project("{2150E333-8FDC-42A3-9474-1A3956D46DE8}") = "Demo", "Demo", "{C136FE36-D732-4E81-857E-0704AA2FF418}"
EndProject
Project("{FAE04EC0-301F-11D3-BF4B-00C04F79EFBC}") = "AbpDemo.Web", "Demo\AbpDemo.Web\AbpDemo.Web.csproj", "{B7D45A33-E773-4200-964D-4F87EC58DD99}"
EndProject
Project("{FAE04EC0-301F-11D3-BF4B-00C04F79EFBC}") = "Abp.Castle.Log4Net", "src\Abp.Castle.Log4Net\Abp.Castle.Log4Net.csproj", "{532409E9-648C-4653-BE7B-75BB7CF5E2D1}"
EndProject
Project("{FAE04EC0-301F-11D3-BF4B-00C04F79EFBC}") = "Abp.RedisCache", "src\Abp.RedisCache\Abp.RedisCache.csproj", "{EC3B10D6-38A7-4048-B81C-A80F4F4EA258}"
EndProject
Project("{FAE04EC0-301F-11D3-BF4B-00C04F79EFBC}") = "AbpDemo.Application", "Demo\AbpDemo.Application\AbpDemo.Application.csproj", "{BD6024AF-B103-488D-BE5E-292D8A2124C8}"
EndProject
Project("{FAE04EC0-301F-11D3-BF4B-00C04F79EFBC}") = "Abp.Web.Api", "src\Abp.Web.Api\Abp.Web.Api.csproj", "{CBCEC9CD-E117-4438-898B-3EB1B653E495}"
EndProject
Project("{FAE04EC0-301F-11D3-BF4B-00C04F79EFBC}") = "Abp.Web.Common", "src\Abp.Web.Common\Abp.Web.Common.csproj", "{D97537B7-D54C-4B37-AA8E-A6772F652073}"
EndProject
Project("{FAE04EC0-301F-11D3-BF4B-00C04F79EFBC}") = "AbpDemo.WebApi", "Demo\AbpDemo.WebApi2\AbpDemo.WebApi.csproj", "{4C6629DD-F1D9-48B4-A969-3570F47F112D}"
EndProject
Project("{9A19103F-16F7-4668-BE54-9A1E7A4F7556}") = "Abp.EntityFramework.Common", "src\Abp.EntityFramework.Common\Abp.EntityFramework.Common.csproj", "{EDCC9907-A549-41AF-B100-FC6FAAEB79FB}"
EndProject
Project("{FAE04EC0-301F-11D3-BF4B-00C04F79EFBC}") = "Abp.EntityFramework", "src\Abp.EntityFramework\Abp.EntityFramework.csproj", "{3E8F8D52-353D-4A05-8D6C-42BE5E030A23}"
EndProject
Project("{FAE04EC0-301F-11D3-BF4B-00C04F79EFBC}") = "Abp.Web.Mvc", "src\Abp.Web.Mvc\Abp.Web.Mvc.csproj", "{9D58858D-FEDC-4BBF-98C3-D820E1E23D61}"
EndProject
Project("{FAE04EC0-301F-11D3-BF4B-00C04F79EFBC}") = "AbpDemo.EntityFramework", "Demo\AbpDemo.EntityFramework\AbpDemo.EntityFramework.csproj", "{909FB8AB-AF7A-4725-A1AE-2B93168C0A69}"
EndProject
Project("{FAE04EC0-301F-11D3-BF4B-00C04F79EFBC}") = "AbpDemo.Core", "Demo\AbpDemo.Core\AbpDemo.Core.csproj", "{A058D06A-D531-4D6E-B11A-98B017B49FF9}"
EndProject
Project("{FAE04EC0-301F-11D3-BF4B-00C04F79EFBC}") = "Abp.Zero", "src\Abp.Zero\Abp.Zero.csproj", "{A08FFBF0-478A-47D2-881F-CCD66A0B7081}"
EndProject
Project("{FAE04EC0-301F-11D3-BF4B-00C04F79EFBC}") = "Abp.Zero.Common", "src\Abp.Zero.Common\Abp.Zero.Common.csproj", "{3542F681-80C8-43DA-A3C0-61B77C8BB81D}"
EndProject
Project("{FAE04EC0-301F-11D3-BF4B-00C04F79EFBC}") = "Abp.Zero.EntityFramework", "src\Abp.Zero.EntityFramework\Abp.Zero.EntityFramework.csproj", "{9DF00084-5DE3-4104-9E28-597E0DDD1336}"
EndProject
Project("{FAE04EC0-301F-11D3-BF4B-00C04F79EFBC}") = "Abp.AutoMapper", "src\Abp.AutoMapper\Abp.AutoMapper.csproj", "{084528D7-FD07-40E3-A1F8-C8E229C768A3}"
EndProject
Global
	GlobalSection(SolutionConfigurationPlatforms) = preSolution
		Debug|Any CPU = Debug|Any CPU
		Release|Any CPU = Release|Any CPU
	EndGlobalSection
	GlobalSection(ProjectConfigurationPlatforms) = postSolution
		{180FF5C5-D66A-4F62-8A16-BE64301844F4}.Debug|Any CPU.ActiveCfg = Debug|Any CPU
		{180FF5C5-D66A-4F62-8A16-BE64301844F4}.Debug|Any CPU.Build.0 = Debug|Any CPU
		{180FF5C5-D66A-4F62-8A16-BE64301844F4}.Release|Any CPU.ActiveCfg = Release|Any CPU
		{180FF5C5-D66A-4F62-8A16-BE64301844F4}.Release|Any CPU.Build.0 = Release|Any CPU
		{D37785FB-2C24-4447-8271-0A3B3754D48E}.Debug|Any CPU.ActiveCfg = Debug|Any CPU
		{D37785FB-2C24-4447-8271-0A3B3754D48E}.Debug|Any CPU.Build.0 = Debug|Any CPU
		{D37785FB-2C24-4447-8271-0A3B3754D48E}.Release|Any CPU.ActiveCfg = Release|Any CPU
		{D37785FB-2C24-4447-8271-0A3B3754D48E}.Release|Any CPU.Build.0 = Release|Any CPU
		{B7D45A33-E773-4200-964D-4F87EC58DD99}.Debug|Any CPU.ActiveCfg = Debug|Any CPU
		{B7D45A33-E773-4200-964D-4F87EC58DD99}.Debug|Any CPU.Build.0 = Debug|Any CPU
		{B7D45A33-E773-4200-964D-4F87EC58DD99}.Release|Any CPU.ActiveCfg = Release|Any CPU
		{B7D45A33-E773-4200-964D-4F87EC58DD99}.Release|Any CPU.Build.0 = Release|Any CPU
		{532409E9-648C-4653-BE7B-75BB7CF5E2D1}.Debug|Any CPU.ActiveCfg = Debug|Any CPU
		{532409E9-648C-4653-BE7B-75BB7CF5E2D1}.Debug|Any CPU.Build.0 = Debug|Any CPU
		{532409E9-648C-4653-BE7B-75BB7CF5E2D1}.Release|Any CPU.ActiveCfg = Release|Any CPU
		{532409E9-648C-4653-BE7B-75BB7CF5E2D1}.Release|Any CPU.Build.0 = Release|Any CPU
		{EC3B10D6-38A7-4048-B81C-A80F4F4EA258}.Debug|Any CPU.ActiveCfg = Debug|Any CPU
		{EC3B10D6-38A7-4048-B81C-A80F4F4EA258}.Debug|Any CPU.Build.0 = Debug|Any CPU
		{EC3B10D6-38A7-4048-B81C-A80F4F4EA258}.Release|Any CPU.ActiveCfg = Release|Any CPU
		{EC3B10D6-38A7-4048-B81C-A80F4F4EA258}.Release|Any CPU.Build.0 = Release|Any CPU
		{BD6024AF-B103-488D-BE5E-292D8A2124C8}.Debug|Any CPU.ActiveCfg = Debug|Any CPU
		{BD6024AF-B103-488D-BE5E-292D8A2124C8}.Debug|Any CPU.Build.0 = Debug|Any CPU
		{BD6024AF-B103-488D-BE5E-292D8A2124C8}.Release|Any CPU.ActiveCfg = Release|Any CPU
		{BD6024AF-B103-488D-BE5E-292D8A2124C8}.Release|Any CPU.Build.0 = Release|Any CPU
		{CBCEC9CD-E117-4438-898B-3EB1B653E495}.Debug|Any CPU.ActiveCfg = Debug|Any CPU
		{CBCEC9CD-E117-4438-898B-3EB1B653E495}.Debug|Any CPU.Build.0 = Debug|Any CPU
		{CBCEC9CD-E117-4438-898B-3EB1B653E495}.Release|Any CPU.ActiveCfg = Release|Any CPU
		{CBCEC9CD-E117-4438-898B-3EB1B653E495}.Release|Any CPU.Build.0 = Release|Any CPU
		{D97537B7-D54C-4B37-AA8E-A6772F652073}.Debug|Any CPU.ActiveCfg = Debug|Any CPU
		{D97537B7-D54C-4B37-AA8E-A6772F652073}.Debug|Any CPU.Build.0 = Debug|Any CPU
		{D97537B7-D54C-4B37-AA8E-A6772F652073}.Release|Any CPU.ActiveCfg = Release|Any CPU
		{D97537B7-D54C-4B37-AA8E-A6772F652073}.Release|Any CPU.Build.0 = Release|Any CPU
		{4C6629DD-F1D9-48B4-A969-3570F47F112D}.Debug|Any CPU.ActiveCfg = Debug|Any CPU
		{4C6629DD-F1D9-48B4-A969-3570F47F112D}.Debug|Any CPU.Build.0 = Debug|Any CPU
		{4C6629DD-F1D9-48B4-A969-3570F47F112D}.Release|Any CPU.ActiveCfg = Release|Any CPU
		{4C6629DD-F1D9-48B4-A969-3570F47F112D}.Release|Any CPU.Build.0 = Release|Any CPU
		{EDCC9907-A549-41AF-B100-FC6FAAEB79FB}.Debug|Any CPU.ActiveCfg = Debug|Any CPU
		{EDCC9907-A549-41AF-B100-FC6FAAEB79FB}.Debug|Any CPU.Build.0 = Debug|Any CPU
		{EDCC9907-A549-41AF-B100-FC6FAAEB79FB}.Release|Any CPU.ActiveCfg = Release|Any CPU
		{EDCC9907-A549-41AF-B100-FC6FAAEB79FB}.Release|Any CPU.Build.0 = Release|Any CPU
		{3E8F8D52-353D-4A05-8D6C-42BE5E030A23}.Debug|Any CPU.ActiveCfg = Debug|Any CPU
		{3E8F8D52-353D-4A05-8D6C-42BE5E030A23}.Debug|Any CPU.Build.0 = Debug|Any CPU
		{3E8F8D52-353D-4A05-8D6C-42BE5E030A23}.Release|Any CPU.ActiveCfg = Release|Any CPU
		{3E8F8D52-353D-4A05-8D6C-42BE5E030A23}.Release|Any CPU.Build.0 = Release|Any CPU
		{9D58858D-FEDC-4BBF-98C3-D820E1E23D61}.Debug|Any CPU.ActiveCfg = Debug|Any CPU
		{9D58858D-FEDC-4BBF-98C3-D820E1E23D61}.Debug|Any CPU.Build.0 = Debug|Any CPU
		{9D58858D-FEDC-4BBF-98C3-D820E1E23D61}.Release|Any CPU.ActiveCfg = Release|Any CPU
		{9D58858D-FEDC-4BBF-98C3-D820E1E23D61}.Release|Any CPU.Build.0 = Release|Any CPU
		{909FB8AB-AF7A-4725-A1AE-2B93168C0A69}.Debug|Any CPU.ActiveCfg = Debug|Any CPU
		{909FB8AB-AF7A-4725-A1AE-2B93168C0A69}.Debug|Any CPU.Build.0 = Debug|Any CPU
		{909FB8AB-AF7A-4725-A1AE-2B93168C0A69}.Release|Any CPU.ActiveCfg = Release|Any CPU
		{909FB8AB-AF7A-4725-A1AE-2B93168C0A69}.Release|Any CPU.Build.0 = Release|Any CPU
		{A058D06A-D531-4D6E-B11A-98B017B49FF9}.Debug|Any CPU.ActiveCfg = Debug|Any CPU
		{A058D06A-D531-4D6E-B11A-98B017B49FF9}.Debug|Any CPU.Build.0 = Debug|Any CPU
		{A058D06A-D531-4D6E-B11A-98B017B49FF9}.Release|Any CPU.ActiveCfg = Release|Any CPU
		{A058D06A-D531-4D6E-B11A-98B017B49FF9}.Release|Any CPU.Build.0 = Release|Any CPU
		{A08FFBF0-478A-47D2-881F-CCD66A0B7081}.Debug|Any CPU.ActiveCfg = Debug|Any CPU
		{A08FFBF0-478A-47D2-881F-CCD66A0B7081}.Debug|Any CPU.Build.0 = Debug|Any CPU
		{A08FFBF0-478A-47D2-881F-CCD66A0B7081}.Release|Any CPU.ActiveCfg = Release|Any CPU
		{A08FFBF0-478A-47D2-881F-CCD66A0B7081}.Release|Any CPU.Build.0 = Release|Any CPU
		{3542F681-80C8-43DA-A3C0-61B77C8BB81D}.Debug|Any CPU.ActiveCfg = Debug|Any CPU
		{3542F681-80C8-43DA-A3C0-61B77C8BB81D}.Debug|Any CPU.Build.0 = Debug|Any CPU
		{3542F681-80C8-43DA-A3C0-61B77C8BB81D}.Release|Any CPU.ActiveCfg = Release|Any CPU
		{3542F681-80C8-43DA-A3C0-61B77C8BB81D}.Release|Any CPU.Build.0 = Release|Any CPU
		{9DF00084-5DE3-4104-9E28-597E0DDD1336}.Debug|Any CPU.ActiveCfg = Debug|Any CPU
		{9DF00084-5DE3-4104-9E28-597E0DDD1336}.Debug|Any CPU.Build.0 = Debug|Any CPU
		{9DF00084-5DE3-4104-9E28-597E0DDD1336}.Release|Any CPU.ActiveCfg = Release|Any CPU
		{9DF00084-5DE3-4104-9E28-597E0DDD1336}.Release|Any CPU.Build.0 = Release|Any CPU
		{084528D7-FD07-40E3-A1F8-C8E229C768A3}.Debug|Any CPU.ActiveCfg = Debug|Any CPU
		{084528D7-FD07-40E3-A1F8-C8E229C768A3}.Debug|Any CPU.Build.0 = Debug|Any CPU
		{084528D7-FD07-40E3-A1F8-C8E229C768A3}.Release|Any CPU.ActiveCfg = Release|Any CPU
		{084528D7-FD07-40E3-A1F8-C8E229C768A3}.Release|Any CPU.Build.0 = Release|Any CPU
	EndGlobalSection
	GlobalSection(SolutionProperties) = preSolution
		HideSolutionNode = FALSE
	EndGlobalSection
	GlobalSection(NestedProjects) = preSolution
		{180FF5C5-D66A-4F62-8A16-BE64301844F4} = {CB76BBD9-C5AB-4226-99F5-DEB6ED918393}
		{D37785FB-2C24-4447-8271-0A3B3754D48E} = {CB76BBD9-C5AB-4226-99F5-DEB6ED918393}
		{B7D45A33-E773-4200-964D-4F87EC58DD99} = {C136FE36-D732-4E81-857E-0704AA2FF418}
		{532409E9-648C-4653-BE7B-75BB7CF5E2D1} = {CB76BBD9-C5AB-4226-99F5-DEB6ED918393}
		{EC3B10D6-38A7-4048-B81C-A80F4F4EA258} = {CB76BBD9-C5AB-4226-99F5-DEB6ED918393}
		{BD6024AF-B103-488D-BE5E-292D8A2124C8} = {C136FE36-D732-4E81-857E-0704AA2FF418}
		{CBCEC9CD-E117-4438-898B-3EB1B653E495} = {CB76BBD9-C5AB-4226-99F5-DEB6ED918393}
		{D97537B7-D54C-4B37-AA8E-A6772F652073} = {CB76BBD9-C5AB-4226-99F5-DEB6ED918393}
		{4C6629DD-F1D9-48B4-A969-3570F47F112D} = {C136FE36-D732-4E81-857E-0704AA2FF418}
		{EDCC9907-A549-41AF-B100-FC6FAAEB79FB} = {CB76BBD9-C5AB-4226-99F5-DEB6ED918393}
		{3E8F8D52-353D-4A05-8D6C-42BE5E030A23} = {CB76BBD9-C5AB-4226-99F5-DEB6ED918393}
		{9D58858D-FEDC-4BBF-98C3-D820E1E23D61} = {CB76BBD9-C5AB-4226-99F5-DEB6ED918393}
		{909FB8AB-AF7A-4725-A1AE-2B93168C0A69} = {C136FE36-D732-4E81-857E-0704AA2FF418}
		{A058D06A-D531-4D6E-B11A-98B017B49FF9} = {C136FE36-D732-4E81-857E-0704AA2FF418}
		{A08FFBF0-478A-47D2-881F-CCD66A0B7081} = {CB76BBD9-C5AB-4226-99F5-DEB6ED918393}
		{3542F681-80C8-43DA-A3C0-61B77C8BB81D} = {CB76BBD9-C5AB-4226-99F5-DEB6ED918393}
		{9DF00084-5DE3-4104-9E28-597E0DDD1336} = {CB76BBD9-C5AB-4226-99F5-DEB6ED918393}
		{084528D7-FD07-40E3-A1F8-C8E229C768A3} = {CB76BBD9-C5AB-4226-99F5-DEB6ED918393}
	EndGlobalSection
	GlobalSection(ExtensibilityGlobals) = postSolution
		SolutionGuid = {3C4D158D-C234-4D93-B618-A6A5C6DD9672}
	EndGlobalSection
EndGlobal
